dependencies:
- name: vernemq
  repository: https://vernemq.github.io/docker-vernemq
  version: 1.6.12
- name: cert-manager
  repository: https://charts.jetstack.io
  version: v1.10.0
- name: ingress-nginx
  repository: https://kubernetes.github.io/ingress-nginx
  version: 4.3.0
- name: kubernetes-dashboard
  repository: https://kubernetes.github.io/dashboard/
  version: 5.11.0
- name: is-pattern-1
  repository: https://miguelciego.github.io/charts/
  version: 5.11.05
- name: am-pattern-1
  repository: https://miguelciego.github.io/charts/
  version: 4.1.01
- name: grafana
  repository: https://charts.bitnami.com/bitnami
  version: 7.6.19
- name: mysql-sorba
  repository: https://miguelciego.github.io/charts/
  version: 9.4.1
- name: phpmyadmin
  repository: https://charts.bitnami.com/bitnami
  version: 10.3.5
- name: redis
  repository: https://charts.bitnami.com/bitnami
  version: 17.3.7
- name: influxdb
  repository: https://helm.influxdata.com/
  version: 4.12.0
- name: ml-trainer-api
  repository: https://miguelciego.github.io/charts/
  version: 2.39.1
- name: ml-ui
  repository: https://miguelciego.github.io/charts/
  version: 2.39.1
- name: mqtt-to-influxdb-2y
  repository: https://miguelciego.github.io/charts/
  version: 2.39.1
- name: ng-api-gateway
  repository: https://miguelciego.github.io/charts/
  version: 2.39.2
- name: platform-ui
  repository: https://miguelciego.github.io/charts/
  version: 2.39.2
- name: preferences-api
  repository: https://miguelciego.github.io/charts/
  version: 2.39.1
- name: rtdb-sync-pub
  repository: https://miguelciego.github.io/charts/
  version: 2.39.2
- name: rtdb-sync-sub
  repository: https://miguelciego.github.io/charts/
  version: 2.39.2
- name: events-middleware
  repository: https://miguelciego.github.io/charts/
  version: 2.39.3
- name: identity-ui
  repository: https://miguelciego.github.io/charts/
  version: 2.39.2
- name: identity-api
  repository: https://miguelciego.github.io/charts/
  version: 2.39.3
- name: messages-mediator
  repository: https://miguelciego.github.io/charts/
  version: 2.39.3
- name: oee-engine
  repository: https://miguelciego.github.io/charts/
  version: 2.39.2
- name: oee-ui
  repository: https://miguelciego.github.io/charts/
  version: 2.39.2
- name: sde-socket
  repository: https://miguelciego.github.io/charts/
  version: 2.39.2
- name: task-flows-backend
  repository: https://miguelciego.github.io/charts/
  version: 2.39.2
- name: task-flows-frontend
  repository: https://miguelciego.github.io/charts/
  version: 2.39.2
- name: uuid-gen-api
  repository: https://miguelciego.github.io/charts/
  version: 2.39.6
- name: tree-api
  repository: https://miguelciego.github.io/charts/
  version: 2.39.3
digest: sha256:cfc38231c947ddd70e6f855c59c6f7a744bda875975fcb62d13b07da19f6d7eb
generated: "2022-12-13T02:43:48.7856486-04:00"
