dependencies:
- name: vernemq
  repository: https://miguelciego.github.io/charts/
  version: 1.6.12
- name: cert-manager
  repository: https://charts.jetstack.io
  version: v1.10.0
- name: ingress-nginx
  repository: https://kubernetes.github.io/ingress-nginx
  version: 4.3.0
- name: kubernetes-dashboard
  repository: https://kubernetes.github.io/dashboard/
  version: 5.11.0
- name: is-pattern-1
  repository: https://miguelciego.github.io/charts/
  version: 5.11.05
- name: am-pattern-1
  repository: https://miguelciego.github.io/charts/
  version: 4.1.01
- name: grafana
  repository: https://miguelciego.github.io/charts/
  version: 7.6.19
- name: mysql-sorba
  repository: https://miguelciego.github.io/charts/
  version: 9.4.1
- name: phpmyadmin
  repository: https://charts.bitnami.com/bitnami
  version: 10.3.5
- name: redis
  repository: https://charts.bitnami.com/bitnami
  version: 17.3.7
- name: influxdb
  repository: https://helm.influxdata.com/
  version: 4.12.0
- name: ml-trainer-api
  repository: https://miguelciego.github.io/charts/
  version: 2.39.1
- name: ml-ui
  repository: https://miguelciego.github.io/charts/
  version: 2.39.1
- name: mqtt-to-influxdb-2y
  repository: https://miguelciego.github.io/charts/
  version: 2.39.1
- name: ng-api-gateway
  repository: https://miguelciego.github.io/charts/
  version: 2.39.2
- name: platform-ui
  repository: https://miguelciego.github.io/charts/
  version: 2.39.2
- name: preferences-api
  repository: https://miguelciego.github.io/charts/
  version: 2.39.1
- name: rtdb-sync-pub
  repository: https://miguelciego.github.io/charts/
  version: 2.39.2
- name: rtdb-sync-sub
  repository: https://miguelciego.github.io/charts/
  version: 2.39.2
- name: events-middleware
  repository: https://miguelciego.github.io/charts/
  version: 2.39.3
- name: identity-ui
  repository: https://miguelciego.github.io/charts/
  version: 2.39.2
- name: identity-api
  repository: https://miguelciego.github.io/charts/
  version: 2.39.3
- name: messages-mediator
  repository: https://miguelciego.github.io/charts/
  version: 2.39.3
- name: oee-engine
  repository: https://miguelciego.github.io/charts/
  version: 2.39.2
- name: oee-ui
  repository: https://miguelciego.github.io/charts/
  version: 2.39.2
- name: sde-socket
  repository: https://miguelciego.github.io/charts/
  version: 2.39.2
- name: task-flows-backend
  repository: https://miguelciego.github.io/charts/
  version: 2.39.2
- name: task-flows-frontend
  repository: https://miguelciego.github.io/charts/
  version: 2.39.2
- name: uuid-gen-api
  repository: https://miguelciego.github.io/charts/
  version: 2.39.6
- name: tree-api
  repository: https://miguelciego.github.io/charts/
  version: 2.39.3
- name: vpn-spa
  repository: https://miguelciego.github.io/charts/
  version: 2.39.1
- name: tenant-management-api
  repository: https://miguelciego.github.io/charts/
  version: 2.39.1
- name: tenant-management-ui
  repository: https://miguelciego.github.io/charts/
  version: 2.39.1
- name: sorba-identity-api
  repository: https://miguelciego.github.io/charts/
  version: 2.39.1
- name: alerting-engine
  repository: https://miguelciego.github.io/charts/
  version: 2.39.2
- name: notification-engine
  repository: https://miguelciego.github.io/charts/
  version: 2.39.2
- name: dashboard-reporter
  repository: https://miguelciego.github.io/charts/
  version: 2.39.2
- name: alerting-middleware
  repository: https://miguelciego.github.io/charts/
  version: 2.39.2
- name: iot-connectors
  repository: https://miguelciego.github.io/charts/
  version: 2.39.2
- name: ml-auto-learning
  repository: https://miguelciego.github.io/charts/
  version: 2.39.2
- name: ml-predictor
  repository: https://miguelciego.github.io/charts/
  version: 2.39.2
- name: cloud-data-ingestion
  repository: https://miguelciego.github.io/charts/
  version: 2.39.2
digest: sha256:349f940cae25e6d2f22ddb00c5208f4c4b52031895b79cc47f70d5e48eb7723d
generated: "2023-06-14T11:50:02.413189778-04:00"
