dependencies:
- name: vernemq
  repository: https://vernemq.github.io/docker-vernemq
  version: 1.6.12
- name: cert-manager
  repository: https://charts.jetstack.io
  version: v1.10.0
- name: ingress-nginx
  repository: https://kubernetes.github.io/ingress-nginx
  version: 4.3.0
- name: kubernetes-dashboard
  repository: https://kubernetes.github.io/dashboard/
  version: 5.11.0
- name: is-pattern-1
  repository: https://miguelciego.github.io/charts/
  version: 5.11.05
- name: am-pattern-1
  repository: https://miguelciego.github.io/charts/
  version: 4.1.01
- name: grafana
  repository: https://miguelciego.github.io/charts/
  version: 7.6.19
- name: mysql-sorba
  repository: https://miguelciego.github.io/charts/
  version: 9.4.1
- name: phpmyadmin
  repository: https://charts.bitnami.com/bitnami
  version: 10.3.5
- name: redis
  repository: https://charts.bitnami.com/bitnami
  version: 17.3.7
- name: influxdb
  repository: https://helm.influxdata.com/
  version: 4.12.0
- name: ml-trainer-api
  repository: https://miguelciego.github.io/charts/
  version: 2.39.2
- name: ml-ui
  repository: https://miguelciego.github.io/charts/
  version: 2.39.2
- name: mqtt-to-influxdb-2y
  repository: https://miguelciego.github.io/charts/
  version: 2.39.2
- name: ng-api-gateway
  repository: https://miguelciego.github.io/charts/
  version: 2.39.3
- name: platform-ui
  repository: https://miguelciego.github.io/charts/
  version: 2.39.3
- name: preferences-api
  repository: https://miguelciego.github.io/charts/
  version: 2.39.2
- name: rtdb-sync-pub
  repository: https://miguelciego.github.io/charts/
  version: 2.39.3
- name: rtdb-sync-sub
  repository: https://miguelciego.github.io/charts/
  version: 2.39.3
- name: events-middleware
  repository: https://miguelciego.github.io/charts/
  version: 2.39.4
- name: identity-ui
  repository: https://miguelciego.github.io/charts/
  version: 2.39.3
- name: identity-api
  repository: https://miguelciego.github.io/charts/
  version: 2.39.4
- name: messages-mediator
  repository: https://miguelciego.github.io/charts/
  version: 2.39.4
- name: oee-engine
  repository: https://miguelciego.github.io/charts/
  version: 2.39.3
- name: oee-ui
  repository: https://miguelciego.github.io/charts/
  version: 2.39.3
- name: sde-socket
  repository: https://miguelciego.github.io/charts/
  version: 2.39.3
- name: task-flows-backend
  repository: https://miguelciego.github.io/charts/
  version: 2.39.3
- name: task-flows-frontend
  repository: https://miguelciego.github.io/charts/
  version: 2.39.3
- name: uuid-gen-api
  repository: https://miguelciego.github.io/charts/
  version: 2.39.7
- name: tree-api
  repository: https://miguelciego.github.io/charts/
  version: 2.39.5
- name: vpn-spa
  repository: https://miguelciego.github.io/charts/
  version: 2.39.2
- name: tenant-management-api
  repository: https://miguelciego.github.io/charts/
  version: 2.39.2
- name: tenant-management-ui
  repository: https://miguelciego.github.io/charts/
  version: 2.39.2
- name: sorba-identity-api
  repository: https://miguelciego.github.io/charts/
  version: 2.39.0
digest: sha256:0c9444741af76ba1a9f1c2a192057ba17a60c4691384f83220902b966a627f92
generated: "2023-03-24T08:46:07.9563677-04:00"
