dependencies:
- name: is-pattern-1
  repository: https://miguelciego.github.io/charts
  version: 5.11.02
- name: redis
  repository: https://charts.bitnami.com/bitnami
  version: 12.8.3
- name: mariadb
  repository: https://charts.bitnami.com/bitnami
  version: 9.3.5
- name: uuid-gen-api
  repository: https://miguelciego.github.io/charts
  version: 2.4.0
- name: rtdb-sync-pub
  repository: https://miguelciego.github.io/charts
  version: 2.4.0
- name: rtdb-sync-sub
  repository: https://miguelciego.github.io/charts
  version: 2.4.0
- name: influxdb
  repository: https://charts.bitnami.com/bitnami
  version: 2.0.5
- name: hdfs-api
  repository: https://miguelciego.github.io/charts
  version: 2.4.0
- name: ml-trainer-api
  repository: https://miguelciego.github.io/charts
  version: 2.4.0
- name: ml-trainer-ui
  repository: https://miguelciego.github.io/charts
  version: 2.4.0
- name: preferences-api
  repository: https://miguelciego.github.io/charts
  version: 2.4.0
- name: tree-api
  repository: https://miguelciego.github.io/charts
  version: 2.4.0
- name: ng-api-gateway
  repository: https://miguelciego.github.io/charts
  version: 2.4.0
- name: platform-ui
  repository: https://miguelciego.github.io/charts
  version: 2.4.0
- name: mqtt-to-influxdb-2y
  repository: https://miguelciego.github.io/charts
  version: 2.4.0
- name: grafana
  repository: https://charts.bitnami.com/bitnami
  version: 5.2.4
- name: vernemq
  repository: https://vernemq.github.io/docker-vernemq
  version: 1.6.7
- name: nginx-ingress-controller
  repository: https://charts.bitnami.com/bitnami
  version: 7.4.9
digest: sha256:d827fe71df7861e848accb7b7eead1886998895873c518424d86b6d6b3b4f121
generated: "2021-03-17T02:19:14.488242159Z"
